{
  "name": "sayelf-visual-narrative",
  "version": "0.3.0",
  "lockfileVersion": 3,
  "requires": true,
  "packages": {
    "": {
      "name": "sayelf-visual-narrative",
      "version": "0.3.0",
      "license": "MIT",
      "bin": {
        "sayelf-visual": "interfaces/cli/index.mjs"
      },
      "engines": {
        "node": ">=20"
      }
    }
  }
}
